<?xml version="1.0" encoding="utf-8"?>
<Project ToolsVersion="17.0" xmlns="http://schemas.microsoft.com/developer/msbuild/2003">
  <ItemGroup>
    <ClCompile Include="C:\Users\crladmin\Desktop\dataset_CR_dynamics\data_collection\sensors\gyros\sparkfun_tcp_server.cpp">
      <Filter>Source Files</Filter>
    </ClCompile>
    <ClCompile Include="C:\Users\crladmin\Desktop\dataset_CR_dynamics\data_collection\sensors\gyros\src\gyro.cpp">
      <Filter>Source Files</Filter>
    </ClCompile>
    <ClCompile Include="C:\Users\crladmin\Desktop\dataset_CR_dynamics\data_collection\sensors\gyros\src\sensor_api\sfe_bus.cpp">
      <Filter>Source Files</Filter>
    </ClCompile>
    <ClCompile Include="C:\Users\crladmin\Desktop\dataset_CR_dynamics\data_collection\sensors\gyros\src\sensor_api\sfe_ism330dhcx.cpp">
      <Filter>Source Files</Filter>
    </ClCompile>
    <ClCompile Include="C:\Users\crladmin\Desktop\dataset_CR_dynamics\data_collection\sensors\gyros\src\sensor_api\sfe_ism_shim.cpp">
      <Filter>Source Files</Filter>
    </ClCompile>
    <ClCompile Include="C:\Users\crladmin\Desktop\dataset_CR_dynamics\data_collection\sensors\gyros\src\sensor_api\st_src\ism330dhcx_reg.c">
      <Filter>Source Files</Filter>
    </ClCompile>
  </ItemGroup>
  <ItemGroup>
    <ClInclude Include="C:\Users\crladmin\Desktop\dataset_CR_dynamics\data_collection\sensors\gyros\include\Wire.h">
      <Filter>Header Files</Filter>
    </ClInclude>
    <ClInclude Include="C:\Users\crladmin\Desktop\dataset_CR_dynamics\data_collection\sensors\gyros\include\gyro.h">
      <Filter>Header Files</Filter>
    </ClInclude>
    <ClInclude Include="C:\Users\crladmin\Desktop\dataset_CR_dynamics\data_collection\sensors\gyros\include\sensor_api\SparkFun_ISM330DHCX.h">
      <Filter>Header Files</Filter>
    </ClInclude>
    <ClInclude Include="C:\Users\crladmin\Desktop\dataset_CR_dynamics\data_collection\sensors\gyros\include\sensor_api\sfe_bus.h">
      <Filter>Header Files</Filter>
    </ClInclude>
    <ClInclude Include="C:\Users\crladmin\Desktop\dataset_CR_dynamics\data_collection\sensors\gyros\include\sensor_api\sfe_ism330dhcx.h">
      <Filter>Header Files</Filter>
    </ClInclude>
    <ClInclude Include="C:\Users\crladmin\Desktop\dataset_CR_dynamics\data_collection\sensors\gyros\include\sensor_api\sfe_ism330dhcx_defs.h">
      <Filter>Header Files</Filter>
    </ClInclude>
    <ClInclude Include="C:\Users\crladmin\Desktop\dataset_CR_dynamics\data_collection\sensors\gyros\include\sensor_api\sfe_ism_shim.h">
      <Filter>Header Files</Filter>
    </ClInclude>
    <ClInclude Include="C:\Users\crladmin\Desktop\dataset_CR_dynamics\data_collection\sensors\gyros\include\sensor_api\st_src\ism330dhcx_reg.h">
      <Filter>Header Files</Filter>
    </ClInclude>
  </ItemGroup>
  <ItemGroup>
    <CustomBuild Include="C:\Users\crladmin\Desktop\dataset_CR_dynamics\data_collection\sensors\gyros\CMakeLists.txt" />
  </ItemGroup>
  <ItemGroup>
    <Filter Include="Header Files">
      <UniqueIdentifier>{DB657763-6D19-323A-BFDF-16ABF0415479}</UniqueIdentifier>
    </Filter>
    <Filter Include="Source Files">
      <UniqueIdentifier>{7D79E366-FA15-3576-896F-9FCBD7208CB1}</UniqueIdentifier>
    </Filter>
  </ItemGroup>
</Project>
